
Microsoft Visual Studio Solution File, Format Version 12.00
# Visual Studio 14

Project("{E24C65DC-7377-472B-9ABA-BC803B73C61A}") = "TaskManager", "WebSite\", "5CDAF7F8-EF82-4F04-841F-CCEC0A3F376A"
EndProject
Project("{2150E333-8FDC-42A3-9474-1A3956D46DE8}") = "Code On Time Items", "Code On Time Items", "{442E603F-809C-40CE-8CBD-6F57349B388E}"
	ProjectSection(SolutionItems) = preProject
		ClientLibrary.en-US.txt = ClientLibrary.en-US.txt
		DataAquarium.Project.xml = DataAquarium.Project.xml
		DataAquarium.Version.xml = DataAquarium.Version.xml
	EndProjectSection
EndProject
